
Microsoft Visual Studio Solution File, Format Version 12.00
# Visual Studio Version 16
VisualStudioVersion = 16.0.32802.440
MinimumVisualStudioVersion = 10.0.40219.1
Project("{FAE04EC0-301F-11D3-BF4B-00C04F79EFBC}") = "JediMindTricks", "JediMindTricks\JediMindTricks.csproj", "{C2333ABC-51A7-4447-B207-A830CC6BE079}"
EndProject
Global
	GlobalSection(SolutionConfigurationPlatforms) = preSolution
		Debug|Any CPU = Debug|Any CPU
		Release|Any CPU = Release|Any CPU
	EndGlobalSection
	GlobalSection(ProjectConfigurationPlatforms) = postSolution
		{C2333ABC-51A7-4447-B207-A830CC6BE079}.Debug|Any CPU.ActiveCfg = Debug|Any CPU
		{C2333ABC-51A7-4447-B207-A830CC6BE079}.Debug|Any CPU.Build.0 = Debug|Any CPU
		{C2333ABC-51A7-4447-B207-A830CC6BE079}.Release|Any CPU.ActiveCfg = Release|Any CPU
		{C2333ABC-51A7-4447-B207-A830CC6BE079}.Release|Any CPU.Build.0 = Release|Any CPU
	EndGlobalSection
	GlobalSection(SolutionProperties) = preSolution
		HideSolutionNode = FALSE
	EndGlobalSection
	GlobalSection(ExtensibilityGlobals) = postSolution
		SolutionGuid = {577B8E2C-8FAA-4EBF-8FB3-7EB87DA6751A}
	EndGlobalSection
EndGlobal
